// !$*UTF8*$!
{
	archiveVersion = 1;
	classes = {
	};
	objectVersion = 55;
	objects = {

/* Begin PBXBuildFile section */
		62BC81EF289EF812002DC03B /* SaveCashApp.swift in Sources */ = {isa = PBXBuildFile; fileRef = 62BC81EE289EF812002DC03B /* SaveCashApp.swift */; };
		62BC81F1289EF812002DC03B /* ContentView.swift in Sources */ = {isa = PBXBuildFile; fileRef = 62BC81F0289EF812002DC03B /* ContentView.swift */; };
		62BC81F3289EF813002DC03B /* Assets.xcassets in Resources */ = {isa = PBXBuildFile; fileRef = 62BC81F2289EF813002DC03B /* Assets.xcassets */; };
		62BC81F6289EF813002DC03B /* Preview Assets.xcassets in Resources */ = {isa = PBXBuildFile; fileRef = 62BC81F5289EF813002DC03B /* Preview Assets.xcassets */; };
		62BC8200289EF813002DC03B /* SaveCashTests.swift in Sources */ = {isa = PBXBuildFile; fileRef = 62BC81FF289EF813002DC03B /* SaveCashTests.swift */; };
		62BC820A289EF813002DC03B /* SaveCashUITests.swift in Sources */ = {isa = PBXBuildFile; fileRef = 62BC8209289EF813002DC03B /* SaveCashUITests.swift */; };
		62BC820C289EF813002DC03B /* SaveCashUITestsLaunchTests.swift in Sources */ = {isa = PBXBuildFile; fileRef = 62BC820B289EF813002DC03B /* SaveCashUITestsLaunchTests.swift */; };
/* End PBXBuildFile section */

/* Begin PBXContainerItemProxy section */
		62BC81FC289EF813002DC03B /* PBXContainerItemProxy */ = {
			isa = PBXContainerItemProxy;
			containerPortal = 62BC81E3289EF812002DC03B /* Project object */;
			proxyType = 1;
			remoteGlobalIDString = 62BC81EA289EF812002DC03B;
			remoteInfo = SaveCash;
		};
		62BC8206289EF813002DC03B /* PBXContainerItemProxy */ = {
			isa = PBXContainerItemProxy;
			containerPortal = 62BC81E3289EF812002DC03B /* Project object */;
			proxyType = 1;
			remoteGlobalIDString = 62BC81EA289EF812002DC03B;
			remoteInfo = SaveCash;
		};
/* End PBXContainerItemProxy section */

/* Begin PBXFileReference section */
		62BC81EB289EF812002DC03B /* SaveCash.app */ = {isa = PBXFileReference; explicitFileType = wrapper.application; includeInIndex = 0; path = SaveCash.app; sourceTree = BUILT_PRODUCTS_DIR; };
		62BC81EE289EF812002DC03B /* SaveCashApp.swift */ = {isa = PBXFileReference; lastKnownFileType = sourcecode.swift; path = SaveCashApp.swift; sourceTree = "<group>"; };
		62BC81F0289EF812002DC03B /* ContentView.swift */ = {isa = PBXFileReference; lastKnownFileType = sourcecode.swift; path = ContentView.swift; sourceTree = "<group>"; };
		62BC81F2289EF813002DC03B /* Assets.xcassets */ = {isa = PBXFileReference; lastKnownFileType = folder.assetcatalog; path = Assets.xcassets; sourceTree = "<group>"; };
		62BC81F5289EF813002DC03B /* Preview Assets.xcassets */ = {isa = PBXFileReference; lastKnownFileType = folder.assetcatalog; path = "Preview Assets.xcassets"; sourceTree = "<group>"; };
		62BC81FB289EF813002DC03B /* SaveCashTests.xctest */ = {isa = PBXFileReference; explicitFileType = wrapper.cfbundle; includeInIndex = 0; path = SaveCashTests.xctest; sourceTree = BUILT_PRODUCTS_DIR; };
		62BC81FF289EF813002DC03B /* SaveCashTests.swift */ = {isa = PBXFileReference; lastKnownFileType = sourcecode.swift; path = SaveCashTests.swift; sourceTree = "<group>"; };
		62BC8205289EF813002DC03B /* SaveCashUITests.xctest */ = {isa = PBXFileReference; explicitFileType = wrapper.cfbundle; includeInIndex = 0; path = SaveCashUITests.xctest; sourceTree = BUILT_PRODUCTS_DIR; };
		62BC8209289EF813002DC03B /* SaveCashUITests.swift */ = {isa = PBXFileReference; lastKnownFileType = sourcecode.swift; path = SaveCashUITests.swift; sourceTree = "<group>"; };
		62BC820B289EF813002DC03B /* SaveCashUITestsLaunchTests.swift */ = {isa = PBXFileReference; lastKnownFileType = sourcecode.swift; path = SaveCashUITestsLaunchTests.swift; sourceTree = "<group>"; };
/* End PBXFileReference section */

/* Begin PBXFrameworksBuildPhase section */
		62BC81E8289EF812002DC03B /* Frameworks */ = {
			isa = PBXFrameworksBuildPhase;
			buildActionMask = 2147483647;
			files = (
			);
			runOnlyForDeploymentPostprocessing = 0;
		};
		62BC81F8289EF813002DC03B /* Frameworks */ = {
			isa = PBXFrameworksBuildPhase;
			buildActionMask = 2147483647;
			files = (
			);
			runOnlyForDeploymentPostprocessing = 0;
		};
		62BC8202289EF813002DC03B /* Frameworks */ = {
			isa = PBXFrameworksBuildPhase;
			buildActionMask = 2147483647;
			files = (
			);
			runOnlyForDeploymentPostprocessing = 0;
		};
/* End PBXFrameworksBuildPhase section */

/* Begin PBXGroup section */
		62BC81E2289EF812002DC03B = {
			isa = PBXGroup;
			children = (
				62BC81ED289EF812002DC03B /* SaveCash */,
				62BC81FE289EF813002DC03B /* SaveCashTests */,
				62BC8208289EF813002DC03B /* SaveCashUITests */,
				62BC81EC289EF812002DC03B /* Products */,
			);
			sourceTree = "<group>";
		};
		62BC81EC289EF812002DC03B /* Products */ = {
			isa = PBXGroup;
			children = (
				62BC81EB289EF812002DC03B /* SaveCash.app */,
				62BC81FB289EF813002DC03B /* SaveCashTests.xctest */,
				62BC8205289EF813002DC03B /* SaveCashUITests.xctest */,
			);
			name = Products;
			sourceTree = "<group>";
		};
		62BC81ED289EF812002DC03B /* SaveCash */ = {
			isa = PBXGroup;
			children = (
				62BC81EE289EF812002DC03B /* SaveCashApp.swift */,
				62BC81F0289EF812002DC03B /* ContentView.swift */,
				62BC81F2289EF813002DC03B /* Assets.xcassets */,
				62BC81F4289EF813002DC03B /* Preview Content */,
			);
			path = SaveCash;
			sourceTree = "<group>";
		};
		62BC81F4289EF813002DC03B /* Preview Content */ = {
			isa = PBXGroup;
			children = (
				62BC81F5289EF813002DC03B /* Preview Assets.xcassets */,
			);
			path = "Preview Content";
			sourceTree = "<group>";
		};
		62BC81FE289EF813002DC03B /* SaveCashTests */ = {
			isa = PBXGroup;
			children = (
				62BC81FF289EF813002DC03B /* SaveCashTests.swift */,
			);
			path = SaveCashTests;
			sourceTree = "<group>";
		};
		62BC8208289EF813002DC03B /* SaveCashUITests */ = {
			isa = PBXGroup;
			children = (
				62BC8209289EF813002DC03B /* SaveCashUITests.swift */,
				62BC820B289EF813002DC03B /* SaveCashUITestsLaunchTests.swift */,
			);
			path = SaveCashUITests;
			sourceTree = "<group>";
		};
/* End PBXGroup section */

/* Begin PBXNativeTarget section */
		62BC81EA289EF812002DC03B /* SaveCash */ = {
			isa = PBXNativeTarget;
			buildConfigurationList = 62BC820F289EF813002DC03B /* Build configuration list for PBXNativeTarget "SaveCash" */;
			buildPhases = (
				62BC81E7289EF812002DC03B /* Sources */,
				62BC81E8289EF812002DC03B /* Frameworks */,
				62BC81E9289EF812002DC03B /* Resources */,
			);
			buildRules = (
			);
			dependencies = (
			);
			name = SaveCash;
			productName = SaveCash;
			productReference = 62BC81EB289EF812002DC03B /* SaveCash.app */;
			productType = "com.apple.product-type.application";
		};
		62BC81FA289EF813002DC03B /* SaveCashTests */ = {
			isa = PBXNativeTarget;
			buildConfigurationList = 62BC8212289EF813002DC03B /* Build configuration list for PBXNativeTarget "SaveCashTests" */;
			buildPhases = (
				62BC81F7289EF813002DC03B /* Sources */,
				62BC81F8289EF813002DC03B /* Frameworks */,
				62BC81F9289EF813002DC03B /* Resources */,
			);
			buildRules = (
			);
			dependencies = (
				62BC81FD289EF813002DC03B /* PBXTargetDependency */,
			);
			name = SaveCashTests;
			productName = SaveCashTests;
			productReference = 62BC81FB289EF813002DC03B /* SaveCashTests.xctest */;
			productType = "com.apple.product-type.bundle.unit-test";
		};
		62BC8204289EF813002DC03B /* SaveCashUITests */ = {
			isa = PBXNativeTarget;
			buildConfigurationList = 62BC8215289EF813002DC03B /* Build configuration list for PBXNativeTarget "SaveCashUITests" */;
			buildPhases = (
				62BC8201289EF813002DC03B /* Sources */,
				62BC8202289EF813002DC03B /* Frameworks */,
				62BC8203289EF813002DC03B /* Resources */,
			);
			buildRules = (
			);
			dependencies = (
				62BC8207289EF813002DC03B /* PBXTargetDependency */,
			);
			name = SaveCashUITests;
			productName = SaveCashUITests;
			productReference = 62BC8205289EF813002DC03B /* SaveCashUITests.xctest */;
			productType = "com.apple.product-type.bundle.ui-testing";
		};
/* End PBXNativeTarget section */

/* Begin PBXProject section */
		62BC81E3289EF812002DC03B /* Project object */ = {
			isa = PBXProject;
			attributes = {
				BuildIndependentTargetsInParallel = 1;
				LastSwiftUpdateCheck = 1340;
				LastUpgradeCheck = 1340;
				TargetAttributes = {
					62BC81EA289EF812002DC03B = {
						CreatedOnToolsVersion = 13.4.1;
					};
					62BC81FA289EF813002DC03B = {
						CreatedOnToolsVersion = 13.4.1;
						TestTargetID = 62BC81EA289EF812002DC03B;
					};
					62BC8204289EF813002DC03B = {
						CreatedOnToolsVersion = 13.4.1;
						TestTargetID = 62BC81EA289EF812002DC03B;
					};
				};
			};
			buildConfigurationList = 62BC81E6289EF812002DC03B /* Build configuration list for PBXProject "SaveCash" */;
			compatibilityVersion = "Xcode 13.0";
			developmentRegion = en;
			hasScannedForEncodings = 0;
			knownRegions = (
				en,
				Base,
			);
			mainGroup = 62BC81E2289EF812002DC03B;
			productRefGroup = 62BC81EC289EF812002DC03B /* Products */;
			projectDirPath = "";
			projectRoot = "";
			targets = (
				62BC81EA289EF812002DC03B /* SaveCash */,
				62BC81FA289EF813002DC03B /* SaveCashTests */,
				62BC8204289EF813002DC03B /* SaveCashUITests */,
			);
		};
/* End PBXProject section */

/* Begin PBXResourcesBuildPhase section */
		62BC81E9289EF812002DC03B /* Resources */ = {
			isa = PBXResourcesBuildPhase;
			buildActionMask = 2147483647;
			files = (
				62BC81F6289EF813002DC03B /* Preview Assets.xcassets in Resources */,
				62BC81F3289EF813002DC03B /* Assets.xcassets in Resources */,
			);
			runOnlyForDeploymentPostprocessing = 0;
		};
		62BC81F9289EF813002DC03B /* Resources */ = {
			isa = PBXResourcesBuildPhase;
			buildActionMask = 2147483647;
			files = (
			);
			runOnlyForDeploymentPostprocessing = 0;
		};
		62BC8203289EF813002DC03B /* Resources */ = {
			isa = PBXResourcesBuildPhase;
			buildActionMask = 2147483647;
			files = (
			);
			runOnlyForDeploymentPostprocessing = 0;
		};
/* End PBXResourcesBuildPhase section */

/* Begin PBXSourcesBuildPhase section */
		62BC81E7289EF812002DC03B /* Sources */ = {
			isa = PBXSourcesBuildPhase;
			buildActionMask = 2147483647;
			files = (
				62BC81F1289EF812002DC03B /* ContentView.swift in Sources */,
				62BC81EF289EF812002DC03B /* SaveCashApp.swift in Sources */,
			);
			runOnlyForDeploymentPostprocessing = 0;
		};
		62BC81F7289EF813002DC03B /* Sources */ = {
			isa = PBXSourcesBuildPhase;
			buildActionMask = 2147483647;
			files = (
				62BC8200289EF813002DC03B /* SaveCashTests.swift in Sources */,
			);
			runOnlyForDeploymentPostprocessing = 0;
		};
		62BC8201289EF813002DC03B /* Sources */ = {
			isa = PBXSourcesBuildPhase;
			buildActionMask = 2147483647;
			files = (
				62BC820C289EF813002DC03B /* SaveCashUITestsLaunchTests.swift in Sources */,
				62BC820A289EF813002DC03B /* SaveCashUITests.swift in Sources */,
			);
			runOnlyForDeploymentPostprocessing = 0;
		};
/* End PBXSourcesBuildPhase section */

/* Begin PBXTargetDependency section */
		62BC81FD289EF813002DC03B /* PBXTargetDependency */ = {
			isa = PBXTargetDependency;
			target = 62BC81EA289EF812002DC03B /* SaveCash */;
			targetProxy = 62BC81FC289EF813002DC03B /* PBXContainerItemProxy */;
		};
		62BC8207289EF813002DC03B /* PBXTargetDependency */ = {
			isa = PBXTargetDependency;
			target = 62BC81EA289EF812002DC03B /* SaveCash */;
			targetProxy = 62BC8206289EF813002DC03B /* PBXContainerItemProxy */;
		};
/* End PBXTargetDependency section */

/* Begin XCBuildConfiguration section */
		62BC820D289EF813002DC03B /* Debug */ = {
			isa = XCBuildConfiguration;
			buildSettings = {
				ALWAYS_SEARCH_USER_PATHS = NO;
				CLANG_ANALYZER_NONNULL = YES;
				CLANG_ANALYZER_NUMBER_OBJECT_CONVERSION = YES_AGGRESSIVE;
				CLANG_CXX_LANGUAGE_STANDARD = "gnu++17";
				CLANG_ENABLE_MODULES = YES;
				CLANG_ENABLE_OBJC_ARC = YES;
				CLANG_ENABLE_OBJC_WEAK = YES;
				CLANG_WARN_BLOCK_CAPTURE_AUTORELEASING = YES;
				CLANG_WARN_BOOL_CONVERSION = YES;
				CLANG_WARN_COMMA = YES;
				CLANG_WARN_CONSTANT_CONVERSION = YES;
				CLANG_WARN_DEPRECATED_OBJC_IMPLEMENTATIONS = YES;
				CLANG_WARN_DIRECT_OBJC_ISA_USAGE = YES_ERROR;
				CLANG_WARN_DOCUMENTATION_COMMENTS = YES;
				CLANG_WARN_EMPTY_BODY = YES;
				CLANG_WARN_ENUM_CONVERSION = YES;
				CLANG_WARN_INFINITE_RECURSION = YES;
				CLANG_WARN_INT_CONVERSION = YES;
				CLANG_WARN_NON_LITERAL_NULL_CONVERSION = YES;
				CLANG_WARN_OBJC_IMPLICIT_RETAIN_SELF = YES;
				CLANG_WARN_OBJC_LITERAL_CONVERSION = YES;
				CLANG_WARN_OBJC_ROOT_CLASS = YES_ERROR;
				CLANG_WARN_QUOTED_INCLUDE_IN_FRAMEWORK_HEADER = YES;
				CLANG_WARN_RANGE_LOOP_ANALYSIS = YES;
				CLANG_WARN_STRICT_PROTOTYPES = YES;
				CLANG_WARN_SUSPICIOUS_MOVE = YES;
				CLANG_WARN_UNGUARDED_AVAILABILITY = YES_AGGRESSIVE;
				CLANG_WARN_UNREACHABLE_CODE = YES;
				CLANG_WARN__DUPLICATE_METHOD_MATCH = YES;
				COPY_PHASE_STRIP = NO;
				DEBUG_INFORMATION_FORMAT = dwarf;
				ENABLE_STRICT_OBJC_MSGSEND = YES;
				ENABLE_TESTABILITY = YES;
				GCC_C_LANGUAGE_STANDARD = gnu11;
				GCC_DYNAMIC_NO_PIC = NO;
				GCC_NO_COMMON_BLOCKS = YES;
				GCC_OPTIMIZATION_LEVEL = 0;
				GCC_PREPROCESSOR_DEFINITIONS = (
					"DEBUG=1",
					"$(inherited)",
				);
				GCC_WARN_64_TO_32_BIT_CONVERSION = YES;
				GCC_WARN_ABOUT_RETURN_TYPE = YES_ERROR;
				GCC_WARN_UNDECLARED_SELECTOR = YES;
				GCC_WARN_UNINITIALIZED_AUTOS = YES_AGGRESSIVE;
				GCC_WARN_UNUSED_FUNCTION = YES;
				GCC_WARN_UNUSED_VARIABLE = YES;
				IPHONEOS_DEPLOYMENT_TARGET = 15.5;
				MTL_ENABLE_DEBUG_INFO = INCLUDE_SOURCE;
				MTL_FAST_MATH = YES;
				ONLY_ACTIVE_ARCH = YES;
				SDKROOT = iphoneos;
				SWIFT_ACTIVE_COMPILATION_CONDITIONS = DEBUG;
				SWIFT_OPTIMIZATION_LEVEL = "-Onone";
			};
			name = Debug;
		};
		62BC820E289EF813002DC03B /* Release */ = {
			isa = XCBuildConfiguration;
			buildSettings = {
				ALWAYS_SEARCH_USER_PATHS = NO;
				CLANG_ANALYZER_NONNULL = YES;
				CLANG_ANALYZER_NUMBER_OBJECT_CONVERSION = YES_AGGRESSIVE;
				CLANG_CXX_LANGUAGE_STANDARD = "gnu++17";
				CLANG_ENABLE_MODULES = YES;
				CLANG_ENABLE_OBJC_ARC = YES;
				CLANG_ENABLE_OBJC_WEAK = YES;
				CLANG_WARN_BLOCK_CAPTURE_AUTORELEASING = YES;
				CLANG_WARN_BOOL_CONVERSION = YES;
				CLANG_WARN_COMMA = YES;
				CLANG_WARN_CONSTANT_CONVERSION = YES;
				CLANG_WARN_DEPRECATED_OBJC_IMPLEMENTATIONS = YES;
				CLANG_WARN_DIRECT_OBJC_ISA_USAGE = YES_ERROR;
				CLANG_WARN_DOCUMENTATION_COMMENTS = YES;
				CLANG_WARN_EMPTY_BODY = YES;
				CLANG_WARN_ENUM_CONVERSION = YES;
				CLANG_WARN_INFINITE_RECURSION = YES;
				CLANG_WARN_INT_CONVERSION = YES;
				CLANG_WARN_NON_LITERAL_NULL_CONVERSION = YES;
				CLANG_WARN_OBJC_IMPLICIT_RETAIN_SELF = YES;
				CLANG_WARN_OBJC_LITERAL_CONVERSION = YES;
				CLANG_WARN_OBJC_ROOT_CLASS = YES_ERROR;
				CLANG_WARN_QUOTED_INCLUDE_IN_FRAMEWORK_HEADER = YES;
				CLANG_WARN_RANGE_LOOP_ANALYSIS = YES;
				CLANG_WARN_STRICT_PROTOTYPES = YES;
				CLANG_WARN_SUSPICIOUS_MOVE = YES;
				CLANG_WARN_UNGUARDED_AVAILABILITY = YES_AGGRESSIVE;
				CLANG_WARN_UNREACHABLE_CODE = YES;
				CLANG_WARN__DUPLICATE_METHOD_MATCH = YES;
				COPY_PHASE_STRIP = NO;
				DEBUG_INFORMATION_FORMAT = "dwarf-with-dsym";
				ENABLE_NS_ASSERTIONS = NO;
				ENABLE_STRICT_OBJC_MSGSEND = YES;
				GCC_C_LANGUAGE_STANDARD = gnu11;
				GCC_NO_COMMON_BLOCKS = YES;
				GCC_WARN_64_TO_32_BIT_CONVERSION = YES;
				GCC_WARN_ABOUT_RETURN_TYPE = YES_ERROR;
				GCC_WARN_UNDECLARED_SELECTOR = YES;
				GCC_WARN_UNINITIALIZED_AUTOS = YES_AGGRESSIVE;
				GCC_WARN_UNUSED_FUNCTION = YES;
				GCC_WARN_UNUSED_VARIABLE = YES;
				IPHONEOS_DEPLOYMENT_TARGET = 15.5;
				MTL_ENABLE_DEBUG_INFO = NO;
				MTL_FAST_MATH = YES;
				SDKROOT = iphoneos;
				SWIFT_COMPILATION_MODE = wholemodule;
				SWIFT_OPTIMIZATION_LEVEL = "-O";
				VALIDATE_PRODUCT = YES;
			};
			name = Release;
		};
		62BC8210289EF813002DC03B /* Debug */ = {
			isa = XCBuildConfiguration;
			buildSettings = {
				ASSETCATALOG_COMPILER_APPICON_NAME = AppIcon;
				ASSETCATALOG_COMPILER_GLOBAL_ACCENT_COLOR_NAME = AccentColor;
				CODE_SIGN_STYLE = Automatic;
				CURRENT_PROJECT_VERSION = 1;
				DEVELOPMENT_ASSET_PATHS = "\"SaveCash/Preview Content\"";
				ENABLE_PREVIEWS = YES;
				GENERATE_INFOPLIST_FILE = YES;
				INFOPLIST_KEY_UIApplicationSceneManifest_Generation = YES;
				INFOPLIST_KEY_UIApplicationSupportsIndirectInputEvents = YES;
				INFOPLIST_KEY_UILaunchScreen_Generation = YES;
				INFOPLIST_KEY_UISupportedInterfaceOrientations_iPad = "UIInterfaceOrientationPortrait UIInterfaceOrientationPortraitUpsideDown UIInterfaceOrientationLandscapeLeft UIInterfaceOrientationLandscapeRight";
				INFOPLIST_KEY_UISupportedInterfaceOrientations_iPhone = "UIInterfaceOrientationPortrait UIInterfaceOrientationLandscapeLeft UIInterfaceOrientationLandscapeRight";
				LD_RUNPATH_SEARCH_PATHS = (
					"$(inherited)",
					"@executable_path/Frameworks",
				);
				MARKETING_VERSION = 1.0;
				PRODUCT_BUNDLE_IDENTIFIER = com.karundawadi.SaveCash;
				PRODUCT_NAME = "$(TARGET_NAME)";
				SWIFT_EMIT_LOC_STRINGS = YES;
				SWIFT_VERSION = 5.0;
				TARGETED_DEVICE_FAMILY = "1,2";
			};
			name = Debug;
		};
		62BC8211289EF813002DC03B /* Release */ = {
			isa = XCBuildConfiguration;
			buildSettings = {
				ASSETCATALOG_COMPILER_APPICON_NAME = AppIcon;
				ASSETCATALOG_COMPILER_GLOBAL_ACCENT_COLOR_NAME = AccentColor;
				CODE_SIGN_STYLE = Automatic;
				CURRENT_PROJECT_VERSION = 1;
				DEVELOPMENT_ASSET_PATHS = "\"SaveCash/Preview Content\"";
				ENABLE_PREVIEWS = YES;
				GENERATE_INFOPLIST_FILE = YES;
				INFOPLIST_KEY_UIApplicationSceneManifest_Generation = YES;
				INFOPLIST_KEY_UIApplicationSupportsIndirectInputEvents = YES;
				INFOPLIST_KEY_UILaunchScreen_Generation = YES;
				INFOPLIST_KEY_UISupportedInterfaceOrientations_iPad = "UIInterfaceOrientationPortrait UIInterfaceOrientationPortraitUpsideDown UIInterfaceOrientationLandscapeLeft UIInterfaceOrientationLandscapeRight";
				INFOPLIST_KEY_UISupportedInterfaceOrientations_iPhone = "UIInterfaceOrientationPortrait UIInterfaceOrientationLandscapeLeft UIInterfaceOrientationLandscapeRight";
				LD_RUNPATH_SEARCH_PATHS = (
					"$(inherited)",
					"@executable_path/Frameworks",
				);
				MARKETING_VERSION = 1.0;
				PRODUCT_BUNDLE_IDENTIFIER = com.karundawadi.SaveCash;
				PRODUCT_NAME = "$(TARGET_NAME)";
				SWIFT_EMIT_LOC_STRINGS = YES;
				SWIFT_VERSION = 5.0;
				TARGETED_DEVICE_FAMILY = "1,2";
			};
			name = Release;
		};
		62BC8213289EF813002DC03B /* Debug */ = {
			isa = XCBuildConfiguration;
			buildSettings = {
				ALWAYS_EMBED_SWIFT_STANDARD_LIBRARIES = YES;
				BUNDLE_LOADER = "$(TEST_HOST)";
				CODE_SIGN_STYLE = Automatic;
				CURRENT_PROJECT_VERSION = 1;
				GENERATE_INFOPLIST_FILE = YES;
				IPHONEOS_DEPLOYMENT_TARGET = 15.5;
				MARKETING_VERSION = 1.0;
				PRODUCT_BUNDLE_IDENTIFIER = com.karundawadi.SaveCashTests;
				PRODUCT_NAME = "$(TARGET_NAME)";
				SWIFT_EMIT_LOC_STRINGS = NO;
				SWIFT_VERSION = 5.0;
				TARGETED_DEVICE_FAMILY = "1,2";
				TEST_HOST = "$(BUILT_PRODUCTS_DIR)/SaveCash.app/SaveCash";
			};
			name = Debug;
		};
		62BC8214289EF813002DC03B /* Release */ = {
			isa = XCBuildConfiguration;
			buildSettings = {
				ALWAYS_EMBED_SWIFT_STANDARD_LIBRARIES = YES;
				BUNDLE_LOADER = "$(TEST_HOST)";
				CODE_SIGN_STYLE = Automatic;
				CURRENT_PROJECT_VERSION = 1;
				GENERATE_INFOPLIST_FILE = YES;
				IPHONEOS_DEPLOYMENT_TARGET = 15.5;
				MARKETING_VERSION = 1.0;
				PRODUCT_BUNDLE_IDENTIFIER = com.karundawadi.SaveCashTests;
				PRODUCT_NAME = "$(TARGET_NAME)";
				SWIFT_EMIT_LOC_STRINGS = NO;
				SWIFT_VERSION = 5.0;
				TARGETED_DEVICE_FAMILY = "1,2";
				TEST_HOST = "$(BUILT_PRODUCTS_DIR)/SaveCash.app/SaveCash";
			};
			name = Release;
		};
		62BC8216289EF813002DC03B /* Debug */ = {
			isa = XCBuildConfiguration;
			buildSettings = {
				ALWAYS_EMBED_SWIFT_STANDARD_LIBRARIES = YES;
				CODE_SIGN_STYLE = Automatic;
				CURRENT_PROJECT_VERSION = 1;
				GENERATE_INFOPLIST_FILE = YES;
				MARKETING_VERSION = 1.0;
				PRODUCT_BUNDLE_IDENTIFIER = com.karundawadi.SaveCashUITests;
				PRODUCT_NAME = "$(TARGET_NAME)";
				SWIFT_EMIT_LOC_STRINGS = NO;
				SWIFT_VERSION = 5.0;
				TARGETED_DEVICE_FAMILY = "1,2";
				TEST_TARGET_NAME = SaveCash;
			};
			name = Debug;
		};
		62BC8217289EF813002DC03B /* Release */ = {
			isa = XCBuildConfiguration;
			buildSettings = {
				ALWAYS_EMBED_SWIFT_STANDARD_LIBRARIES = YES;
				CODE_SIGN_STYLE = Automatic;
				CURRENT_PROJECT_VERSION = 1;
				GENERATE_INFOPLIST_FILE = YES;
				MARKETING_VERSION = 1.0;
				PRODUCT_BUNDLE_IDENTIFIER = com.karundawadi.SaveCashUITests;
				PRODUCT_NAME = "$(TARGET_NAME)";
				SWIFT_EMIT_LOC_STRINGS = NO;
				SWIFT_VERSION = 5.0;
				TARGETED_DEVICE_FAMILY = "1,2";
				TEST_TARGET_NAME = SaveCash;
			};
			name = Release;
		};
/* End XCBuildConfiguration section */

/* Begin XCConfigurationList section */
		62BC81E6289EF812002DC03B /* Build configuration list for PBXProject "SaveCash" */ = {
			isa = XCConfigurationList;
			buildConfigurations = (
				62BC820D289EF813002DC03B /* Debug */,
				62BC820E289EF813002DC03B /* Release */,
			);
			defaultConfigurationIsVisible = 0;
			defaultConfigurationName = Release;
		};
		62BC820F289EF813002DC03B /* Build configuration list for PBXNativeTarget "SaveCash" */ = {
			isa = XCConfigurationList;
			buildConfigurations = (
				62BC8210289EF813002DC03B /* Debug */,
				62BC8211289EF813002DC03B /* Release */,
			);
			defaultConfigurationIsVisible = 0;
			defaultConfigurationName = Release;
		};
		62BC8212289EF813002DC03B /* Build configuration list for PBXNativeTarget "SaveCashTests" */ = {
			isa = XCConfigurationList;
			buildConfigurations = (
				62BC8213289EF813002DC03B /* Debug */,
				62BC8214289EF813002DC03B /* Release */,
			);
			defaultConfigurationIsVisible = 0;
			defaultConfigurationName = Release;
		};
		62BC8215289EF813002DC03B /* Build configuration list for PBXNativeTarget "SaveCashUITests" */ = {
			isa = XCConfigurationList;
			buildConfigurations = (
				62BC8216289EF813002DC03B /* Debug */,
				62BC8217289EF813002DC03B /* Release */,
			);
			defaultConfigurationIsVisible = 0;
			defaultConfigurationName = Release;
		};
/* End XCConfigurationList section */
	};
	rootObject = 62BC81E3289EF812002DC03B /* Project object */;
}
