// !$*UTF8*$!
{
	archiveVersion = 1;
	classes = {
	};
	objectVersion = 55;
	objects = {

/* Begin PBXBuildFile section */
		62BC8225289F6CDC002DC03B /* AppDelegate.swift in Sources */ = {isa = PBXBuildFile; fileRef = 62BC8224289F6CDC002DC03B /* AppDelegate.swift */; };
		62BC8227289F6CDD002DC03B /* SceneDelegate.swift in Sources */ = {isa = PBXBuildFile; fileRef = 62BC8226289F6CDD002DC03B /* SceneDelegate.swift */; };
		62BC8229289F6CDD002DC03B /* ViewController.swift in Sources */ = {isa = PBXBuildFile; fileRef = 62BC8228289F6CDD002DC03B /* ViewController.swift */; };
		62BC822E289F6CDD002DC03B /* Assets.xcassets in Resources */ = {isa = PBXBuildFile; fileRef = 62BC822D289F6CDD002DC03B /* Assets.xcassets */; };
		62BC8231289F6CDD002DC03B /* LaunchScreen.storyboard in Resources */ = {isa = PBXBuildFile; fileRef = 62BC822F289F6CDD002DC03B /* LaunchScreen.storyboard */; };
		62BC823C289F6CDE002DC03B /* Save_CashTests.swift in Sources */ = {isa = PBXBuildFile; fileRef = 62BC823B289F6CDE002DC03B /* Save_CashTests.swift */; };
		62BC8246289F6CDE002DC03B /* Save_CashUITests.swift in Sources */ = {isa = PBXBuildFile; fileRef = 62BC8245289F6CDE002DC03B /* Save_CashUITests.swift */; };
		62BC8248289F6CDE002DC03B /* Save_CashUITestsLaunchTests.swift in Sources */ = {isa = PBXBuildFile; fileRef = 62BC8247289F6CDE002DC03B /* Save_CashUITestsLaunchTests.swift */; };
/* End PBXBuildFile section */

/* Begin PBXContainerItemProxy section */
		62BC8238289F6CDE002DC03B /* PBXContainerItemProxy */ = {
			isa = PBXContainerItemProxy;
			containerPortal = 62BC8219289F6CDC002DC03B /* Project object */;
			proxyType = 1;
			remoteGlobalIDString = 62BC8220289F6CDC002DC03B;
			remoteInfo = "Save Cash";
		};
		62BC8242289F6CDE002DC03B /* PBXContainerItemProxy */ = {
			isa = PBXContainerItemProxy;
			containerPortal = 62BC8219289F6CDC002DC03B /* Project object */;
			proxyType = 1;
			remoteGlobalIDString = 62BC8220289F6CDC002DC03B;
			remoteInfo = "Save Cash";
		};
/* End PBXContainerItemProxy section */

/* Begin PBXFileReference section */
		62BC8221289F6CDC002DC03B /* Save Cash.app */ = {isa = PBXFileReference; explicitFileType = wrapper.application; includeInIndex = 0; path = "Save Cash.app"; sourceTree = BUILT_PRODUCTS_DIR; };
		62BC8224289F6CDC002DC03B /* AppDelegate.swift */ = {isa = PBXFileReference; lastKnownFileType = sourcecode.swift; path = AppDelegate.swift; sourceTree = "<group>"; };
		62BC8226289F6CDD002DC03B /* SceneDelegate.swift */ = {isa = PBXFileReference; lastKnownFileType = sourcecode.swift; path = SceneDelegate.swift; sourceTree = "<group>"; };
		62BC8228289F6CDD002DC03B /* ViewController.swift */ = {isa = PBXFileReference; lastKnownFileType = sourcecode.swift; path = ViewController.swift; sourceTree = "<group>"; };
		62BC822D289F6CDD002DC03B /* Assets.xcassets */ = {isa = PBXFileReference; lastKnownFileType = folder.assetcatalog; path = Assets.xcassets; sourceTree = "<group>"; };
		62BC8230289F6CDD002DC03B /* Base */ = {isa = PBXFileReference; lastKnownFileType = file.storyboard; name = Base; path = Base.lproj/LaunchScreen.storyboard; sourceTree = "<group>"; };
		62BC8232289F6CDD002DC03B /* Info.plist */ = {isa = PBXFileReference; lastKnownFileType = text.plist.xml; path = Info.plist; sourceTree = "<group>"; };
		62BC8237289F6CDE002DC03B /* Save CashTests.xctest */ = {isa = PBXFileReference; explicitFileType = wrapper.cfbundle; includeInIndex = 0; path = "Save CashTests.xctest"; sourceTree = BUILT_PRODUCTS_DIR; };
		62BC823B289F6CDE002DC03B /* Save_CashTests.swift */ = {isa = PBXFileReference; lastKnownFileType = sourcecode.swift; path = Save_CashTests.swift; sourceTree = "<group>"; };
		62BC8241289F6CDE002DC03B /* Save CashUITests.xctest */ = {isa = PBXFileReference; explicitFileType = wrapper.cfbundle; includeInIndex = 0; path = "Save CashUITests.xctest"; sourceTree = BUILT_PRODUCTS_DIR; };
		62BC8245289F6CDE002DC03B /* Save_CashUITests.swift */ = {isa = PBXFileReference; lastKnownFileType = sourcecode.swift; path = Save_CashUITests.swift; sourceTree = "<group>"; };
		62BC8247289F6CDE002DC03B /* Save_CashUITestsLaunchTests.swift */ = {isa = PBXFileReference; lastKnownFileType = sourcecode.swift; path = Save_CashUITestsLaunchTests.swift; sourceTree = "<group>"; };
/* End PBXFileReference section */

/* Begin PBXFrameworksBuildPhase section */
		62BC821E289F6CDC002DC03B /* Frameworks */ = {
			isa = PBXFrameworksBuildPhase;
			buildActionMask = 2147483647;
			files = (
			);
			runOnlyForDeploymentPostprocessing = 0;
		};
		62BC8234289F6CDE002DC03B /* Frameworks */ = {
			isa = PBXFrameworksBuildPhase;
			buildActionMask = 2147483647;
			files = (
			);
			runOnlyForDeploymentPostprocessing = 0;
		};
		62BC823E289F6CDE002DC03B /* Frameworks */ = {
			isa = PBXFrameworksBuildPhase;
			buildActionMask = 2147483647;
			files = (
			);
			runOnlyForDeploymentPostprocessing = 0;
		};
/* End PBXFrameworksBuildPhase section */

/* Begin PBXGroup section */
		62BC8218289F6CDC002DC03B = {
			isa = PBXGroup;
			children = (
				62BC8223289F6CDC002DC03B /* Save Cash */,
				62BC823A289F6CDE002DC03B /* Save CashTests */,
				62BC8244289F6CDE002DC03B /* Save CashUITests */,
				62BC8222289F6CDC002DC03B /* Products */,
			);
			sourceTree = "<group>";
		};
		62BC8222289F6CDC002DC03B /* Products */ = {
			isa = PBXGroup;
			children = (
				62BC8221289F6CDC002DC03B /* Save Cash.app */,
				62BC8237289F6CDE002DC03B /* Save CashTests.xctest */,
				62BC8241289F6CDE002DC03B /* Save CashUITests.xctest */,
			);
			name = Products;
			sourceTree = "<group>";
		};
		62BC8223289F6CDC002DC03B /* Save Cash */ = {
			isa = PBXGroup;
			children = (
				62BC8224289F6CDC002DC03B /* AppDelegate.swift */,
				62BC8226289F6CDD002DC03B /* SceneDelegate.swift */,
				62BC8228289F6CDD002DC03B /* ViewController.swift */,
				62BC822D289F6CDD002DC03B /* Assets.xcassets */,
				62BC822F289F6CDD002DC03B /* LaunchScreen.storyboard */,
				62BC8232289F6CDD002DC03B /* Info.plist */,
			);
			path = "Save Cash";
			sourceTree = "<group>";
		};
		62BC823A289F6CDE002DC03B /* Save CashTests */ = {
			isa = PBXGroup;
			children = (
				62BC823B289F6CDE002DC03B /* Save_CashTests.swift */,
			);
			path = "Save CashTests";
			sourceTree = "<group>";
		};
		62BC8244289F6CDE002DC03B /* Save CashUITests */ = {
			isa = PBXGroup;
			children = (
				62BC8245289F6CDE002DC03B /* Save_CashUITests.swift */,
				62BC8247289F6CDE002DC03B /* Save_CashUITestsLaunchTests.swift */,
			);
			path = "Save CashUITests";
			sourceTree = "<group>";
		};
/* End PBXGroup section */

/* Begin PBXNativeTarget section */
		62BC8220289F6CDC002DC03B /* Save Cash */ = {
			isa = PBXNativeTarget;
			buildConfigurationList = 62BC824B289F6CDE002DC03B /* Build configuration list for PBXNativeTarget "Save Cash" */;
			buildPhases = (
				62BC821D289F6CDC002DC03B /* Sources */,
				62BC821E289F6CDC002DC03B /* Frameworks */,
				62BC821F289F6CDC002DC03B /* Resources */,
			);
			buildRules = (
			);
			dependencies = (
			);
			name = "Save Cash";
			productName = "Save Cash";
			productReference = 62BC8221289F6CDC002DC03B /* Save Cash.app */;
			productType = "com.apple.product-type.application";
		};
		62BC8236289F6CDE002DC03B /* Save CashTests */ = {
			isa = PBXNativeTarget;
			buildConfigurationList = 62BC824E289F6CDE002DC03B /* Build configuration list for PBXNativeTarget "Save CashTests" */;
			buildPhases = (
				62BC8233289F6CDE002DC03B /* Sources */,
				62BC8234289F6CDE002DC03B /* Frameworks */,
				62BC8235289F6CDE002DC03B /* Resources */,
			);
			buildRules = (
			);
			dependencies = (
				62BC8239289F6CDE002DC03B /* PBXTargetDependency */,
			);
			name = "Save CashTests";
			productName = "Save CashTests";
			productReference = 62BC8237289F6CDE002DC03B /* Save CashTests.xctest */;
			productType = "com.apple.product-type.bundle.unit-test";
		};
		62BC8240289F6CDE002DC03B /* Save CashUITests */ = {
			isa = PBXNativeTarget;
			buildConfigurationList = 62BC8251289F6CDE002DC03B /* Build configuration list for PBXNativeTarget "Save CashUITests" */;
			buildPhases = (
				62BC823D289F6CDE002DC03B /* Sources */,
				62BC823E289F6CDE002DC03B /* Frameworks */,
				62BC823F289F6CDE002DC03B /* Resources */,
			);
			buildRules = (
			);
			dependencies = (
				62BC8243289F6CDE002DC03B /* PBXTargetDependency */,
			);
			name = "Save CashUITests";
			productName = "Save CashUITests";
			productReference = 62BC8241289F6CDE002DC03B /* Save CashUITests.xctest */;
			productType = "com.apple.product-type.bundle.ui-testing";
		};
/* End PBXNativeTarget section */

/* Begin PBXProject section */
		62BC8219289F6CDC002DC03B /* Project object */ = {
			isa = PBXProject;
			attributes = {
				BuildIndependentTargetsInParallel = 1;
				LastSwiftUpdateCheck = 1340;
				LastUpgradeCheck = 1340;
				TargetAttributes = {
					62BC8220289F6CDC002DC03B = {
						CreatedOnToolsVersion = 13.4.1;
					};
					62BC8236289F6CDE002DC03B = {
						CreatedOnToolsVersion = 13.4.1;
						TestTargetID = 62BC8220289F6CDC002DC03B;
					};
					62BC8240289F6CDE002DC03B = {
						CreatedOnToolsVersion = 13.4.1;
						TestTargetID = 62BC8220289F6CDC002DC03B;
					};
				};
			};
			buildConfigurationList = 62BC821C289F6CDC002DC03B /* Build configuration list for PBXProject "Save Cash" */;
			compatibilityVersion = "Xcode 13.0";
			developmentRegion = en;
			hasScannedForEncodings = 0;
			knownRegions = (
				en,
				Base,
			);
			mainGroup = 62BC8218289F6CDC002DC03B;
			productRefGroup = 62BC8222289F6CDC002DC03B /* Products */;
			projectDirPath = "";
			projectRoot = "";
			targets = (
				62BC8220289F6CDC002DC03B /* Save Cash */,
				62BC8236289F6CDE002DC03B /* Save CashTests */,
				62BC8240289F6CDE002DC03B /* Save CashUITests */,
			);
		};
/* End PBXProject section */

/* Begin PBXResourcesBuildPhase section */
		62BC821F289F6CDC002DC03B /* Resources */ = {
			isa = PBXResourcesBuildPhase;
			buildActionMask = 2147483647;
			files = (
				62BC8231289F6CDD002DC03B /* LaunchScreen.storyboard in Resources */,
				62BC822E289F6CDD002DC03B /* Assets.xcassets in Resources */,
			);
			runOnlyForDeploymentPostprocessing = 0;
		};
		62BC8235289F6CDE002DC03B /* Resources */ = {
			isa = PBXResourcesBuildPhase;
			buildActionMask = 2147483647;
			files = (
			);
			runOnlyForDeploymentPostprocessing = 0;
		};
		62BC823F289F6CDE002DC03B /* Resources */ = {
			isa = PBXResourcesBuildPhase;
			buildActionMask = 2147483647;
			files = (
			);
			runOnlyForDeploymentPostprocessing = 0;
		};
/* End PBXResourcesBuildPhase section */

/* Begin PBXSourcesBuildPhase section */
		62BC821D289F6CDC002DC03B /* Sources */ = {
			isa = PBXSourcesBuildPhase;
			buildActionMask = 2147483647;
			files = (
				62BC8229289F6CDD002DC03B /* ViewController.swift in Sources */,
				62BC8225289F6CDC002DC03B /* AppDelegate.swift in Sources */,
				62BC8227289F6CDD002DC03B /* SceneDelegate.swift in Sources */,
			);
			runOnlyForDeploymentPostprocessing = 0;
		};
		62BC8233289F6CDE002DC03B /* Sources */ = {
			isa = PBXSourcesBuildPhase;
			buildActionMask = 2147483647;
			files = (
				62BC823C289F6CDE002DC03B /* Save_CashTests.swift in Sources */,
			);
			runOnlyForDeploymentPostprocessing = 0;
		};
		62BC823D289F6CDE002DC03B /* Sources */ = {
			isa = PBXSourcesBuildPhase;
			buildActionMask = 2147483647;
			files = (
				62BC8248289F6CDE002DC03B /* Save_CashUITestsLaunchTests.swift in Sources */,
				62BC8246289F6CDE002DC03B /* Save_CashUITests.swift in Sources */,
			);
			runOnlyForDeploymentPostprocessing = 0;
		};
/* End PBXSourcesBuildPhase section */

/* Begin PBXTargetDependency section */
		62BC8239289F6CDE002DC03B /* PBXTargetDependency */ = {
			isa = PBXTargetDependency;
			target = 62BC8220289F6CDC002DC03B /* Save Cash */;
			targetProxy = 62BC8238289F6CDE002DC03B /* PBXContainerItemProxy */;
		};
		62BC8243289F6CDE002DC03B /* PBXTargetDependency */ = {
			isa = PBXTargetDependency;
			target = 62BC8220289F6CDC002DC03B /* Save Cash */;
			targetProxy = 62BC8242289F6CDE002DC03B /* PBXContainerItemProxy */;
		};
/* End PBXTargetDependency section */

/* Begin PBXVariantGroup section */
		62BC822F289F6CDD002DC03B /* LaunchScreen.storyboard */ = {
			isa = PBXVariantGroup;
			children = (
				62BC8230289F6CDD002DC03B /* Base */,
			);
			name = LaunchScreen.storyboard;
			sourceTree = "<group>";
		};
/* End PBXVariantGroup section */

/* Begin XCBuildConfiguration section */
		62BC8249289F6CDE002DC03B /* Debug */ = {
			isa = XCBuildConfiguration;
			buildSettings = {
				ALWAYS_SEARCH_USER_PATHS = NO;
				CLANG_ANALYZER_NONNULL = YES;
				CLANG_ANALYZER_NUMBER_OBJECT_CONVERSION = YES_AGGRESSIVE;
				CLANG_CXX_LANGUAGE_STANDARD = "gnu++17";
				CLANG_ENABLE_MODULES = YES;
				CLANG_ENABLE_OBJC_ARC = YES;
				CLANG_ENABLE_OBJC_WEAK = YES;
				CLANG_WARN_BLOCK_CAPTURE_AUTORELEASING = YES;
				CLANG_WARN_BOOL_CONVERSION = YES;
				CLANG_WARN_COMMA = YES;
				CLANG_WARN_CONSTANT_CONVERSION = YES;
				CLANG_WARN_DEPRECATED_OBJC_IMPLEMENTATIONS = YES;
				CLANG_WARN_DIRECT_OBJC_ISA_USAGE = YES_ERROR;
				CLANG_WARN_DOCUMENTATION_COMMENTS = YES;
				CLANG_WARN_EMPTY_BODY = YES;
				CLANG_WARN_ENUM_CONVERSION = YES;
				CLANG_WARN_INFINITE_RECURSION = YES;
				CLANG_WARN_INT_CONVERSION = YES;
				CLANG_WARN_NON_LITERAL_NULL_CONVERSION = YES;
				CLANG_WARN_OBJC_IMPLICIT_RETAIN_SELF = YES;
				CLANG_WARN_OBJC_LITERAL_CONVERSION = YES;
				CLANG_WARN_OBJC_ROOT_CLASS = YES_ERROR;
				CLANG_WARN_QUOTED_INCLUDE_IN_FRAMEWORK_HEADER = YES;
				CLANG_WARN_RANGE_LOOP_ANALYSIS = YES;
				CLANG_WARN_STRICT_PROTOTYPES = YES;
				CLANG_WARN_SUSPICIOUS_MOVE = YES;
				CLANG_WARN_UNGUARDED_AVAILABILITY = YES_AGGRESSIVE;
				CLANG_WARN_UNREACHABLE_CODE = YES;
				CLANG_WARN__DUPLICATE_METHOD_MATCH = YES;
				COPY_PHASE_STRIP = NO;
				DEBUG_INFORMATION_FORMAT = dwarf;
				ENABLE_STRICT_OBJC_MSGSEND = YES;
				ENABLE_TESTABILITY = YES;
				GCC_C_LANGUAGE_STANDARD = gnu11;
				GCC_DYNAMIC_NO_PIC = NO;
				GCC_NO_COMMON_BLOCKS = YES;
				GCC_OPTIMIZATION_LEVEL = 0;
				GCC_PREPROCESSOR_DEFINITIONS = (
					"DEBUG=1",
					"$(inherited)",
				);
				GCC_WARN_64_TO_32_BIT_CONVERSION = YES;
				GCC_WARN_ABOUT_RETURN_TYPE = YES_ERROR;
				GCC_WARN_UNDECLARED_SELECTOR = YES;
				GCC_WARN_UNINITIALIZED_AUTOS = YES_AGGRESSIVE;
				GCC_WARN_UNUSED_FUNCTION = YES;
				GCC_WARN_UNUSED_VARIABLE = YES;
				IPHONEOS_DEPLOYMENT_TARGET = 15.5;
				MTL_ENABLE_DEBUG_INFO = INCLUDE_SOURCE;
				MTL_FAST_MATH = YES;
				ONLY_ACTIVE_ARCH = YES;
				SDKROOT = iphoneos;
				SWIFT_ACTIVE_COMPILATION_CONDITIONS = DEBUG;
				SWIFT_OPTIMIZATION_LEVEL = "-Onone";
			};
			name = Debug;
		};
		62BC824A289F6CDE002DC03B /* Release */ = {
			isa = XCBuildConfiguration;
			buildSettings = {
				ALWAYS_SEARCH_USER_PATHS = NO;
				CLANG_ANALYZER_NONNULL = YES;
				CLANG_ANALYZER_NUMBER_OBJECT_CONVERSION = YES_AGGRESSIVE;
				CLANG_CXX_LANGUAGE_STANDARD = "gnu++17";
				CLANG_ENABLE_MODULES = YES;
				CLANG_ENABLE_OBJC_ARC = YES;
				CLANG_ENABLE_OBJC_WEAK = YES;
				CLANG_WARN_BLOCK_CAPTURE_AUTORELEASING = YES;
				CLANG_WARN_BOOL_CONVERSION = YES;
				CLANG_WARN_COMMA = YES;
				CLANG_WARN_CONSTANT_CONVERSION = YES;
				CLANG_WARN_DEPRECATED_OBJC_IMPLEMENTATIONS = YES;
				CLANG_WARN_DIRECT_OBJC_ISA_USAGE = YES_ERROR;
				CLANG_WARN_DOCUMENTATION_COMMENTS = YES;
				CLANG_WARN_EMPTY_BODY = YES;
				CLANG_WARN_ENUM_CONVERSION = YES;
				CLANG_WARN_INFINITE_RECURSION = YES;
				CLANG_WARN_INT_CONVERSION = YES;
				CLANG_WARN_NON_LITERAL_NULL_CONVERSION = YES;
				CLANG_WARN_OBJC_IMPLICIT_RETAIN_SELF = YES;
				CLANG_WARN_OBJC_LITERAL_CONVERSION = YES;
				CLANG_WARN_OBJC_ROOT_CLASS = YES_ERROR;
				CLANG_WARN_QUOTED_INCLUDE_IN_FRAMEWORK_HEADER = YES;
				CLANG_WARN_RANGE_LOOP_ANALYSIS = YES;
				CLANG_WARN_STRICT_PROTOTYPES = YES;
				CLANG_WARN_SUSPICIOUS_MOVE = YES;
				CLANG_WARN_UNGUARDED_AVAILABILITY = YES_AGGRESSIVE;
				CLANG_WARN_UNREACHABLE_CODE = YES;
				CLANG_WARN__DUPLICATE_METHOD_MATCH = YES;
				COPY_PHASE_STRIP = NO;
				DEBUG_INFORMATION_FORMAT = "dwarf-with-dsym";
				ENABLE_NS_ASSERTIONS = NO;
				ENABLE_STRICT_OBJC_MSGSEND = YES;
				GCC_C_LANGUAGE_STANDARD = gnu11;
				GCC_NO_COMMON_BLOCKS = YES;
				GCC_WARN_64_TO_32_BIT_CONVERSION = YES;
				GCC_WARN_ABOUT_RETURN_TYPE = YES_ERROR;
				GCC_WARN_UNDECLARED_SELECTOR = YES;
				GCC_WARN_UNINITIALIZED_AUTOS = YES_AGGRESSIVE;
				GCC_WARN_UNUSED_FUNCTION = YES;
				GCC_WARN_UNUSED_VARIABLE = YES;
				IPHONEOS_DEPLOYMENT_TARGET = 15.5;
				MTL_ENABLE_DEBUG_INFO = NO;
				MTL_FAST_MATH = YES;
				SDKROOT = iphoneos;
				SWIFT_COMPILATION_MODE = wholemodule;
				SWIFT_OPTIMIZATION_LEVEL = "-O";
				VALIDATE_PRODUCT = YES;
			};
			name = Release;
		};
		62BC824C289F6CDE002DC03B /* Debug */ = {
			isa = XCBuildConfiguration;
			buildSettings = {
				ASSETCATALOG_COMPILER_APPICON_NAME = AppIcon;
				ASSETCATALOG_COMPILER_GLOBAL_ACCENT_COLOR_NAME = AccentColor;
				CODE_SIGN_STYLE = Automatic;
				CURRENT_PROJECT_VERSION = 1;
				GENERATE_INFOPLIST_FILE = YES;
				INFOPLIST_FILE = "Save Cash/Info.plist";
				INFOPLIST_KEY_UIApplicationSupportsIndirectInputEvents = YES;
				INFOPLIST_KEY_UILaunchStoryboardName = LaunchScreen;
				INFOPLIST_KEY_UISupportedInterfaceOrientations_iPad = "UIInterfaceOrientationPortrait UIInterfaceOrientationPortraitUpsideDown UIInterfaceOrientationLandscapeLeft UIInterfaceOrientationLandscapeRight";
				INFOPLIST_KEY_UISupportedInterfaceOrientations_iPhone = "UIInterfaceOrientationPortrait UIInterfaceOrientationLandscapeLeft UIInterfaceOrientationLandscapeRight";
				LD_RUNPATH_SEARCH_PATHS = (
					"$(inherited)",
					"@executable_path/Frameworks",
				);
				MARKETING_VERSION = 1.0;
				PRODUCT_BUNDLE_IDENTIFIER = "com.karundawadi.Save-Cash";
				PRODUCT_NAME = "$(TARGET_NAME)";
				SWIFT_EMIT_LOC_STRINGS = YES;
				SWIFT_VERSION = 5.0;
				TARGETED_DEVICE_FAMILY = "1,2";
			};
			name = Debug;
		};
		62BC824D289F6CDE002DC03B /* Release */ = {
			isa = XCBuildConfiguration;
			buildSettings = {
				ASSETCATALOG_COMPILER_APPICON_NAME = AppIcon;
				ASSETCATALOG_COMPILER_GLOBAL_ACCENT_COLOR_NAME = AccentColor;
				CODE_SIGN_STYLE = Automatic;
				CURRENT_PROJECT_VERSION = 1;
				GENERATE_INFOPLIST_FILE = YES;
				INFOPLIST_FILE = "Save Cash/Info.plist";
				INFOPLIST_KEY_UIApplicationSupportsIndirectInputEvents = YES;
				INFOPLIST_KEY_UILaunchStoryboardName = LaunchScreen;
				INFOPLIST_KEY_UISupportedInterfaceOrientations_iPad = "UIInterfaceOrientationPortrait UIInterfaceOrientationPortraitUpsideDown UIInterfaceOrientationLandscapeLeft UIInterfaceOrientationLandscapeRight";
				INFOPLIST_KEY_UISupportedInterfaceOrientations_iPhone = "UIInterfaceOrientationPortrait UIInterfaceOrientationLandscapeLeft UIInterfaceOrientationLandscapeRight";
				LD_RUNPATH_SEARCH_PATHS = (
					"$(inherited)",
					"@executable_path/Frameworks",
				);
				MARKETING_VERSION = 1.0;
				PRODUCT_BUNDLE_IDENTIFIER = "com.karundawadi.Save-Cash";
				PRODUCT_NAME = "$(TARGET_NAME)";
				SWIFT_EMIT_LOC_STRINGS = YES;
				SWIFT_VERSION = 5.0;
				TARGETED_DEVICE_FAMILY = "1,2";
			};
			name = Release;
		};
		62BC824F289F6CDE002DC03B /* Debug */ = {
			isa = XCBuildConfiguration;
			buildSettings = {
				ALWAYS_EMBED_SWIFT_STANDARD_LIBRARIES = YES;
				BUNDLE_LOADER = "$(TEST_HOST)";
				CODE_SIGN_STYLE = Automatic;
				CURRENT_PROJECT_VERSION = 1;
				GENERATE_INFOPLIST_FILE = YES;
				IPHONEOS_DEPLOYMENT_TARGET = 15.5;
				MARKETING_VERSION = 1.0;
				PRODUCT_BUNDLE_IDENTIFIER = "com.karundawadi.Save-CashTests";
				PRODUCT_NAME = "$(TARGET_NAME)";
				SWIFT_EMIT_LOC_STRINGS = NO;
				SWIFT_VERSION = 5.0;
				TARGETED_DEVICE_FAMILY = "1,2";
				TEST_HOST = "$(BUILT_PRODUCTS_DIR)/Save Cash.app/Save Cash";
			};
			name = Debug;
		};
		62BC8250289F6CDE002DC03B /* Release */ = {
			isa = XCBuildConfiguration;
			buildSettings = {
				ALWAYS_EMBED_SWIFT_STANDARD_LIBRARIES = YES;
				BUNDLE_LOADER = "$(TEST_HOST)";
				CODE_SIGN_STYLE = Automatic;
				CURRENT_PROJECT_VERSION = 1;
				GENERATE_INFOPLIST_FILE = YES;
				IPHONEOS_DEPLOYMENT_TARGET = 15.5;
				MARKETING_VERSION = 1.0;
				PRODUCT_BUNDLE_IDENTIFIER = "com.karundawadi.Save-CashTests";
				PRODUCT_NAME = "$(TARGET_NAME)";
				SWIFT_EMIT_LOC_STRINGS = NO;
				SWIFT_VERSION = 5.0;
				TARGETED_DEVICE_FAMILY = "1,2";
				TEST_HOST = "$(BUILT_PRODUCTS_DIR)/Save Cash.app/Save Cash";
			};
			name = Release;
		};
		62BC8252289F6CDE002DC03B /* Debug */ = {
			isa = XCBuildConfiguration;
			buildSettings = {
				ALWAYS_EMBED_SWIFT_STANDARD_LIBRARIES = YES;
				CODE_SIGN_STYLE = Automatic;
				CURRENT_PROJECT_VERSION = 1;
				GENERATE_INFOPLIST_FILE = YES;
				MARKETING_VERSION = 1.0;
				PRODUCT_BUNDLE_IDENTIFIER = "com.karundawadi.Save-CashUITests";
				PRODUCT_NAME = "$(TARGET_NAME)";
				SWIFT_EMIT_LOC_STRINGS = NO;
				SWIFT_VERSION = 5.0;
				TARGETED_DEVICE_FAMILY = "1,2";
				TEST_TARGET_NAME = "Save Cash";
			};
			name = Debug;
		};
		62BC8253289F6CDE002DC03B /* Release */ = {
			isa = XCBuildConfiguration;
			buildSettings = {
				ALWAYS_EMBED_SWIFT_STANDARD_LIBRARIES = YES;
				CODE_SIGN_STYLE = Automatic;
				CURRENT_PROJECT_VERSION = 1;
				GENERATE_INFOPLIST_FILE = YES;
				MARKETING_VERSION = 1.0;
				PRODUCT_BUNDLE_IDENTIFIER = "com.karundawadi.Save-CashUITests";
				PRODUCT_NAME = "$(TARGET_NAME)";
				SWIFT_EMIT_LOC_STRINGS = NO;
				SWIFT_VERSION = 5.0;
				TARGETED_DEVICE_FAMILY = "1,2";
				TEST_TARGET_NAME = "Save Cash";
			};
			name = Release;
		};
/* End XCBuildConfiguration section */

/* Begin XCConfigurationList section */
		62BC821C289F6CDC002DC03B /* Build configuration list for PBXProject "Save Cash" */ = {
			isa = XCConfigurationList;
			buildConfigurations = (
				62BC8249289F6CDE002DC03B /* Debug */,
				62BC824A289F6CDE002DC03B /* Release */,
			);
			defaultConfigurationIsVisible = 0;
			defaultConfigurationName = Release;
		};
		62BC824B289F6CDE002DC03B /* Build configuration list for PBXNativeTarget "Save Cash" */ = {
			isa = XCConfigurationList;
			buildConfigurations = (
				62BC824C289F6CDE002DC03B /* Debug */,
				62BC824D289F6CDE002DC03B /* Release */,
			);
			defaultConfigurationIsVisible = 0;
			defaultConfigurationName = Release;
		};
		62BC824E289F6CDE002DC03B /* Build configuration list for PBXNativeTarget "Save CashTests" */ = {
			isa = XCConfigurationList;
			buildConfigurations = (
				62BC824F289F6CDE002DC03B /* Debug */,
				62BC8250289F6CDE002DC03B /* Release */,
			);
			defaultConfigurationIsVisible = 0;
			defaultConfigurationName = Release;
		};
		62BC8251289F6CDE002DC03B /* Build configuration list for PBXNativeTarget "Save CashUITests" */ = {
			isa = XCConfigurationList;
			buildConfigurations = (
				62BC8252289F6CDE002DC03B /* Debug */,
				62BC8253289F6CDE002DC03B /* Release */,
			);
			defaultConfigurationIsVisible = 0;
			defaultConfigurationName = Release;
		};
/* End XCConfigurationList section */
	};
	rootObject = 62BC8219289F6CDC002DC03B /* Project object */;
}
